
Microsoft Visual Studio Solution File, Format Version 12.00
# Visual Studio Version 17
VisualStudioVersion = 17.5.33414.496
MinimumVisualStudioVersion = 10.0.40219.1
Project("{FAE04EC0-301F-11D3-BF4B-00C04F79EFBC}") = "ConsoleApp5", "ConsoleApp5\ConsoleApp5.csproj", "{4C04B360-EDBD-4348-B366-56C11D9AED48}"
EndProject
Global
	GlobalSection(SolutionConfigurationPlatforms) = preSolution
		Debug|Any CPU = Debug|Any CPU
		Release|Any CPU = Release|Any CPU
	EndGlobalSection
	GlobalSection(ProjectConfigurationPlatforms) = postSolution
		{4C04B360-EDBD-4348-B366-56C11D9AED48}.Debug|Any CPU.ActiveCfg = Debug|Any CPU
		{4C04B360-EDBD-4348-B366-56C11D9AED48}.Debug|Any CPU.Build.0 = Debug|Any CPU
		{4C04B360-EDBD-4348-B366-56C11D9AED48}.Release|Any CPU.ActiveCfg = Release|Any CPU
		{4C04B360-EDBD-4348-B366-56C11D9AED48}.Release|Any CPU.Build.0 = Release|Any CPU
	EndGlobalSection
	GlobalSection(SolutionProperties) = preSolution
		HideSolutionNode = FALSE
	EndGlobalSection
	GlobalSection(ExtensibilityGlobals) = postSolution
		SolutionGuid = {51F10F72-0507-4F51-8C3A-28643485CB1E}
	EndGlobalSection
EndGlobal
